// !$*UTF8*$!
{
	archiveVersion = 1;
	classes = {
	};
	objectVersion = 56;
	objects = {

/* Begin PBXBuildFile section */
		DC33083A2921DDCA0010C4A0 /* NewsAppApp.swift in Sources */ = {isa = PBXBuildFile; fileRef = DC3308392921DDCA0010C4A0 /* NewsAppApp.swift */; };
		DC33083E2921DDCE0010C4A0 /* Assets.xcassets in Resources */ = {isa = PBXBuildFile; fileRef = DC33083D2921DDCE0010C4A0 /* Assets.xcassets */; };
		DC3308412921DDCE0010C4A0 /* Preview Assets.xcassets in Resources */ = {isa = PBXBuildFile; fileRef = DC3308402921DDCE0010C4A0 /* Preview Assets.xcassets */; };
		DC414EE52922B09900F3A5A6 /* Constants.swift in Sources */ = {isa = PBXBuildFile; fileRef = DC414EE42922B09900F3A5A6 /* Constants.swift */; };
		DCA748022921E0CC001D5E19 /* News.swift in Sources */ = {isa = PBXBuildFile; fileRef = DCA748012921E0CC001D5E19 /* News.swift */; };
		DCA748042921E13C001D5E19 /* NewsView.swift in Sources */ = {isa = PBXBuildFile; fileRef = DCA748032921E13C001D5E19 /* NewsView.swift */; };
		DCA748062921E159001D5E19 /* NewsRowCellView.swift in Sources */ = {isa = PBXBuildFile; fileRef = DCA748052921E159001D5E19 /* NewsRowCellView.swift */; };
		DCA748082921E20F001D5E19 /* NewsViewModel.swift in Sources */ = {isa = PBXBuildFile; fileRef = DCA748072921E20F001D5E19 /* NewsViewModel.swift */; };
		DCA7480C2921F150001D5E19 /* WebView.swift in Sources */ = {isa = PBXBuildFile; fileRef = DCA7480B2921F150001D5E19 /* WebView.swift */; };
		DCA7480E2921F1FC001D5E19 /* NewsDetailView.swift in Sources */ = {isa = PBXBuildFile; fileRef = DCA7480D2921F1FC001D5E19 /* NewsDetailView.swift */; };
/* End PBXBuildFile section */

/* Begin PBXFileReference section */
		DC3308362921DDCA0010C4A0 /* NewsApp.app */ = {isa = PBXFileReference; explicitFileType = wrapper.application; includeInIndex = 0; path = NewsApp.app; sourceTree = BUILT_PRODUCTS_DIR; };
		DC3308392921DDCA0010C4A0 /* NewsAppApp.swift */ = {isa = PBXFileReference; lastKnownFileType = sourcecode.swift; path = NewsAppApp.swift; sourceTree = "<group>"; };
		DC33083D2921DDCE0010C4A0 /* Assets.xcassets */ = {isa = PBXFileReference; lastKnownFileType = folder.assetcatalog; path = Assets.xcassets; sourceTree = "<group>"; };
		DC3308402921DDCE0010C4A0 /* Preview Assets.xcassets */ = {isa = PBXFileReference; lastKnownFileType = folder.assetcatalog; path = "Preview Assets.xcassets"; sourceTree = "<group>"; };
		DC414EE42922B09900F3A5A6 /* Constants.swift */ = {isa = PBXFileReference; lastKnownFileType = sourcecode.swift; path = Constants.swift; sourceTree = "<group>"; };
		DCA748012921E0CC001D5E19 /* News.swift */ = {isa = PBXFileReference; lastKnownFileType = sourcecode.swift; path = News.swift; sourceTree = "<group>"; };
		DCA748032921E13C001D5E19 /* NewsView.swift */ = {isa = PBXFileReference; lastKnownFileType = sourcecode.swift; path = NewsView.swift; sourceTree = "<group>"; };
		DCA748052921E159001D5E19 /* NewsRowCellView.swift */ = {isa = PBXFileReference; lastKnownFileType = sourcecode.swift; path = NewsRowCellView.swift; sourceTree = "<group>"; };
		DCA748072921E20F001D5E19 /* NewsViewModel.swift */ = {isa = PBXFileReference; lastKnownFileType = sourcecode.swift; path = NewsViewModel.swift; sourceTree = "<group>"; };
		DCA7480B2921F150001D5E19 /* WebView.swift */ = {isa = PBXFileReference; lastKnownFileType = sourcecode.swift; path = WebView.swift; sourceTree = "<group>"; };
		DCA7480D2921F1FC001D5E19 /* NewsDetailView.swift */ = {isa = PBXFileReference; lastKnownFileType = sourcecode.swift; path = NewsDetailView.swift; sourceTree = "<group>"; };
/* End PBXFileReference section */

/* Begin PBXFrameworksBuildPhase section */
		DC3308332921DDCA0010C4A0 /* Frameworks */ = {
			isa = PBXFrameworksBuildPhase;
			buildActionMask = 2147483647;
			files = (
			);
			runOnlyForDeploymentPostprocessing = 0;
		};
/* End PBXFrameworksBuildPhase section */

/* Begin PBXGroup section */
		DC33082D2921DDCA0010C4A0 = {
			isa = PBXGroup;
			children = (
				DC3308382921DDCA0010C4A0 /* NewsApp */,
				DC3308372921DDCA0010C4A0 /* Products */,
			);
			sourceTree = "<group>";
		};
		DC3308372921DDCA0010C4A0 /* Products */ = {
			isa = PBXGroup;
			children = (
				DC3308362921DDCA0010C4A0 /* NewsApp.app */,
			);
			name = Products;
			sourceTree = "<group>";
		};
		DC3308382921DDCA0010C4A0 /* NewsApp */ = {
			isa = PBXGroup;
			children = (
				DC3308392921DDCA0010C4A0 /* NewsAppApp.swift */,
				DC3308482921DF8B0010C4A0 /* Model */,
				DC33084A2921DF970010C4A0 /* View */,
				DC3308492921DF8F0010C4A0 /* ViewModel */,
				DC33084B2921DF9B0010C4A0 /* Components */,
				DC3308472921DF860010C4A0 /* Utils */,
				DC33083D2921DDCE0010C4A0 /* Assets.xcassets */,
				DC33083F2921DDCE0010C4A0 /* Preview Content */,
			);
			path = NewsApp;
			sourceTree = "<group>";
		};
		DC33083F2921DDCE0010C4A0 /* Preview Content */ = {
			isa = PBXGroup;
			children = (
				DC3308402921DDCE0010C4A0 /* Preview Assets.xcassets */,
			);
			path = "Preview Content";
			sourceTree = "<group>";
		};
		DC3308472921DF860010C4A0 /* Utils */ = {
			isa = PBXGroup;
			children = (
				DC414EE42922B09900F3A5A6 /* Constants.swift */,
			);
			path = Utils;
			sourceTree = "<group>";
		};
		DC3308482921DF8B0010C4A0 /* Model */ = {
			isa = PBXGroup;
			children = (
				DCA748012921E0CC001D5E19 /* News.swift */,
			);
			path = Model;
			sourceTree = "<group>";
		};
		DC3308492921DF8F0010C4A0 /* ViewModel */ = {
			isa = PBXGroup;
			children = (
				DCA748072921E20F001D5E19 /* NewsViewModel.swift */,
			);
			path = ViewModel;
			sourceTree = "<group>";
		};
		DC33084A2921DF970010C4A0 /* View */ = {
			isa = PBXGroup;
			children = (
				DCA748032921E13C001D5E19 /* NewsView.swift */,
				DCA7480D2921F1FC001D5E19 /* NewsDetailView.swift */,
			);
			path = View;
			sourceTree = "<group>";
		};
		DC33084B2921DF9B0010C4A0 /* Components */ = {
			isa = PBXGroup;
			children = (
				DCA7480B2921F150001D5E19 /* WebView.swift */,
				DCA748052921E159001D5E19 /* NewsRowCellView.swift */,
			);
			path = Components;
			sourceTree = "<group>";
		};
/* End PBXGroup section */

/* Begin PBXNativeTarget section */
		DC3308352921DDCA0010C4A0 /* NewsApp */ = {
			isa = PBXNativeTarget;
			buildConfigurationList = DC3308442921DDCE0010C4A0 /* Build configuration list for PBXNativeTarget "NewsApp" */;
			buildPhases = (
				DC3308322921DDCA0010C4A0 /* Sources */,
				DC3308332921DDCA0010C4A0 /* Frameworks */,
				DC3308342921DDCA0010C4A0 /* Resources */,
			);
			buildRules = (
			);
			dependencies = (
			);
			name = NewsApp;
			packageProductDependencies = (
			);
			productName = NewsApp;
			productReference = DC3308362921DDCA0010C4A0 /* NewsApp.app */;
			productType = "com.apple.product-type.application";
		};
/* End PBXNativeTarget section */

/* Begin PBXProject section */
		DC33082E2921DDCA0010C4A0 /* Project object */ = {
			isa = PBXProject;
			attributes = {
				BuildIndependentTargetsInParallel = 1;
				LastSwiftUpdateCheck = 1400;
				LastUpgradeCheck = 1400;
				TargetAttributes = {
					DC3308352921DDCA0010C4A0 = {
						CreatedOnToolsVersion = 14.0.1;
					};
				};
			};
			buildConfigurationList = DC3308312921DDCA0010C4A0 /* Build configuration list for PBXProject "NewsApp" */;
			compatibilityVersion = "Xcode 14.0";
			developmentRegion = en;
			hasScannedForEncodings = 0;
			knownRegions = (
				en,
				Base,
			);
			mainGroup = DC33082D2921DDCA0010C4A0;
			packageReferences = (
			);
			productRefGroup = DC3308372921DDCA0010C4A0 /* Products */;
			projectDirPath = "";
			projectRoot = "";
			targets = (
				DC3308352921DDCA0010C4A0 /* NewsApp */,
			);
		};
/* End PBXProject section */

/* Begin PBXResourcesBuildPhase section */
		DC3308342921DDCA0010C4A0 /* Resources */ = {
			isa = PBXResourcesBuildPhase;
			buildActionMask = 2147483647;
			files = (
				DC3308412921DDCE0010C4A0 /* Preview Assets.xcassets in Resources */,
				DC33083E2921DDCE0010C4A0 /* Assets.xcassets in Resources */,
			);
			runOnlyForDeploymentPostprocessing = 0;
		};
/* End PBXResourcesBuildPhase section */

/* Begin PBXSourcesBuildPhase section */
		DC3308322921DDCA0010C4A0 /* Sources */ = {
			isa = PBXSourcesBuildPhase;
			buildActionMask = 2147483647;
			files = (
				DCA748062921E159001D5E19 /* NewsRowCellView.swift in Sources */,
				DCA748022921E0CC001D5E19 /* News.swift in Sources */,
				DCA748082921E20F001D5E19 /* NewsViewModel.swift in Sources */,
				DCA7480E2921F1FC001D5E19 /* NewsDetailView.swift in Sources */,
				DCA748042921E13C001D5E19 /* NewsView.swift in Sources */,
				DC33083A2921DDCA0010C4A0 /* NewsAppApp.swift in Sources */,
				DCA7480C2921F150001D5E19 /* WebView.swift in Sources */,
				DC414EE52922B09900F3A5A6 /* Constants.swift in Sources */,
			);
			runOnlyForDeploymentPostprocessing = 0;
		};
/* End PBXSourcesBuildPhase section */

/* Begin XCBuildConfiguration section */
		DC3308422921DDCE0010C4A0 /* Debug */ = {
			isa = XCBuildConfiguration;
			buildSettings = {
				ALWAYS_SEARCH_USER_PATHS = NO;
				CLANG_ANALYZER_NONNULL = YES;
				CLANG_ANALYZER_NUMBER_OBJECT_CONVERSION = YES_AGGRESSIVE;
				CLANG_CXX_LANGUAGE_STANDARD = "gnu++20";
				CLANG_ENABLE_MODULES = YES;
				CLANG_ENABLE_OBJC_ARC = YES;
				CLANG_ENABLE_OBJC_WEAK = YES;
				CLANG_WARN_BLOCK_CAPTURE_AUTORELEASING = YES;
				CLANG_WARN_BOOL_CONVERSION = YES;
				CLANG_WARN_COMMA = YES;
				CLANG_WARN_CONSTANT_CONVERSION = YES;
				CLANG_WARN_DEPRECATED_OBJC_IMPLEMENTATIONS = YES;
				CLANG_WARN_DIRECT_OBJC_ISA_USAGE = YES_ERROR;
				CLANG_WARN_DOCUMENTATION_COMMENTS = YES;
				CLANG_WARN_EMPTY_BODY = YES;
				CLANG_WARN_ENUM_CONVERSION = YES;
				CLANG_WARN_INFINITE_RECURSION = YES;
				CLANG_WARN_INT_CONVERSION = YES;
				CLANG_WARN_NON_LITERAL_NULL_CONVERSION = YES;
				CLANG_WARN_OBJC_IMPLICIT_RETAIN_SELF = YES;
				CLANG_WARN_OBJC_LITERAL_CONVERSION = YES;
				CLANG_WARN_OBJC_ROOT_CLASS = YES_ERROR;
				CLANG_WARN_QUOTED_INCLUDE_IN_FRAMEWORK_HEADER = YES;
				CLANG_WARN_RANGE_LOOP_ANALYSIS = YES;
				CLANG_WARN_STRICT_PROTOTYPES = YES;
				CLANG_WARN_SUSPICIOUS_MOVE = YES;
				CLANG_WARN_UNGUARDED_AVAILABILITY = YES_AGGRESSIVE;
				CLANG_WARN_UNREACHABLE_CODE = YES;
				CLANG_WARN__DUPLICATE_METHOD_MATCH = YES;
				COPY_PHASE_STRIP = NO;
				DEBUG_INFORMATION_FORMAT = dwarf;
				ENABLE_STRICT_OBJC_MSGSEND = YES;
				ENABLE_TESTABILITY = YES;
				GCC_C_LANGUAGE_STANDARD = gnu11;
				GCC_DYNAMIC_NO_PIC = NO;
				GCC_NO_COMMON_BLOCKS = YES;
				GCC_OPTIMIZATION_LEVEL = 0;
				GCC_PREPROCESSOR_DEFINITIONS = (
					"DEBUG=1",
					"$(inherited)",
				);
				GCC_WARN_64_TO_32_BIT_CONVERSION = YES;
				GCC_WARN_ABOUT_RETURN_TYPE = YES_ERROR;
				GCC_WARN_UNDECLARED_SELECTOR = YES;
				GCC_WARN_UNINITIALIZED_AUTOS = YES_AGGRESSIVE;
				GCC_WARN_UNUSED_FUNCTION = YES;
				GCC_WARN_UNUSED_VARIABLE = YES;
				IPHONEOS_DEPLOYMENT_TARGET = 16.0;
				MTL_ENABLE_DEBUG_INFO = INCLUDE_SOURCE;
				MTL_FAST_MATH = YES;
				ONLY_ACTIVE_ARCH = YES;
				SDKROOT = iphoneos;
				SWIFT_ACTIVE_COMPILATION_CONDITIONS = DEBUG;
				SWIFT_OPTIMIZATION_LEVEL = "-Onone";
			};
			name = Debug;
		};
		DC3308432921DDCE0010C4A0 /* Release */ = {
			isa = XCBuildConfiguration;
			buildSettings = {
				ALWAYS_SEARCH_USER_PATHS = NO;
				CLANG_ANALYZER_NONNULL = YES;
				CLANG_ANALYZER_NUMBER_OBJECT_CONVERSION = YES_AGGRESSIVE;
				CLANG_CXX_LANGUAGE_STANDARD = "gnu++20";
				CLANG_ENABLE_MODULES = YES;
				CLANG_ENABLE_OBJC_ARC = YES;
				CLANG_ENABLE_OBJC_WEAK = YES;
				CLANG_WARN_BLOCK_CAPTURE_AUTORELEASING = YES;
				CLANG_WARN_BOOL_CONVERSION = YES;
				CLANG_WARN_COMMA = YES;
				CLANG_WARN_CONSTANT_CONVERSION = YES;
				CLANG_WARN_DEPRECATED_OBJC_IMPLEMENTATIONS = YES;
				CLANG_WARN_DIRECT_OBJC_ISA_USAGE = YES_ERROR;
				CLANG_WARN_DOCUMENTATION_COMMENTS = YES;
				CLANG_WARN_EMPTY_BODY = YES;
				CLANG_WARN_ENUM_CONVERSION = YES;
				CLANG_WARN_INFINITE_RECURSION = YES;
				CLANG_WARN_INT_CONVERSION = YES;
				CLANG_WARN_NON_LITERAL_NULL_CONVERSION = YES;
				CLANG_WARN_OBJC_IMPLICIT_RETAIN_SELF = YES;
				CLANG_WARN_OBJC_LITERAL_CONVERSION = YES;
				CLANG_WARN_OBJC_ROOT_CLASS = YES_ERROR;
				CLANG_WARN_QUOTED_INCLUDE_IN_FRAMEWORK_HEADER = YES;
				CLANG_WARN_RANGE_LOOP_ANALYSIS = YES;
				CLANG_WARN_STRICT_PROTOTYPES = YES;
				CLANG_WARN_SUSPICIOUS_MOVE = YES;
				CLANG_WARN_UNGUARDED_AVAILABILITY = YES_AGGRESSIVE;
				CLANG_WARN_UNREACHABLE_CODE = YES;
				CLANG_WARN__DUPLICATE_METHOD_MATCH = YES;
				COPY_PHASE_STRIP = NO;
				DEBUG_INFORMATION_FORMAT = "dwarf-with-dsym";
				ENABLE_NS_ASSERTIONS = NO;
				ENABLE_STRICT_OBJC_MSGSEND = YES;
				GCC_C_LANGUAGE_STANDARD = gnu11;
				GCC_NO_COMMON_BLOCKS = YES;
				GCC_WARN_64_TO_32_BIT_CONVERSION = YES;
				GCC_WARN_ABOUT_RETURN_TYPE = YES_ERROR;
				GCC_WARN_UNDECLARED_SELECTOR = YES;
				GCC_WARN_UNINITIALIZED_AUTOS = YES_AGGRESSIVE;
				GCC_WARN_UNUSED_FUNCTION = YES;
				GCC_WARN_UNUSED_VARIABLE = YES;
				IPHONEOS_DEPLOYMENT_TARGET = 16.0;
				MTL_ENABLE_DEBUG_INFO = NO;
				MTL_FAST_MATH = YES;
				SDKROOT = iphoneos;
				SWIFT_COMPILATION_MODE = wholemodule;
				SWIFT_OPTIMIZATION_LEVEL = "-O";
				VALIDATE_PRODUCT = YES;
			};
			name = Release;
		};
		DC3308452921DDCE0010C4A0 /* Debug */ = {
			isa = XCBuildConfiguration;
			buildSettings = {
				ASSETCATALOG_COMPILER_APPICON_NAME = AppIcon;
				ASSETCATALOG_COMPILER_GLOBAL_ACCENT_COLOR_NAME = AccentColor;
				CODE_SIGN_STYLE = Automatic;
				CURRENT_PROJECT_VERSION = 1;
				DEVELOPMENT_ASSET_PATHS = "\"NewsApp/Preview Content\"";
				DEVELOPMENT_TEAM = 6CS27RSMND;
				ENABLE_PREVIEWS = YES;
				GENERATE_INFOPLIST_FILE = YES;
				INFOPLIST_KEY_UIApplicationSceneManifest_Generation = YES;
				INFOPLIST_KEY_UIApplicationSupportsIndirectInputEvents = YES;
				INFOPLIST_KEY_UILaunchScreen_Generation = YES;
				INFOPLIST_KEY_UISupportedInterfaceOrientations_iPad = "UIInterfaceOrientationPortrait UIInterfaceOrientationPortraitUpsideDown UIInterfaceOrientationLandscapeLeft UIInterfaceOrientationLandscapeRight";
				INFOPLIST_KEY_UISupportedInterfaceOrientations_iPhone = "UIInterfaceOrientationPortrait UIInterfaceOrientationLandscapeLeft UIInterfaceOrientationLandscapeRight";
				LD_RUNPATH_SEARCH_PATHS = (
					"$(inherited)",
					"@executable_path/Frameworks",
				);
				MARKETING_VERSION = 1.0;
				PRODUCT_BUNDLE_IDENTIFIER = com.vishalsingh.NewsApp;
				PRODUCT_NAME = "$(TARGET_NAME)";
				SWIFT_EMIT_LOC_STRINGS = YES;
				SWIFT_VERSION = 5.0;
				TARGETED_DEVICE_FAMILY = "1,2";
			};
			name = Debug;
		};
		DC3308462921DDCE0010C4A0 /* Release */ = {
			isa = XCBuildConfiguration;
			buildSettings = {
				ASSETCATALOG_COMPILER_APPICON_NAME = AppIcon;
				ASSETCATALOG_COMPILER_GLOBAL_ACCENT_COLOR_NAME = AccentColor;
				CODE_SIGN_STYLE = Automatic;
				CURRENT_PROJECT_VERSION = 1;
				DEVELOPMENT_ASSET_PATHS = "\"NewsApp/Preview Content\"";
				DEVELOPMENT_TEAM = 6CS27RSMND;
				ENABLE_PREVIEWS = YES;
				GENERATE_INFOPLIST_FILE = YES;
				INFOPLIST_KEY_UIApplicationSceneManifest_Generation = YES;
				INFOPLIST_KEY_UIApplicationSupportsIndirectInputEvents = YES;
				INFOPLIST_KEY_UILaunchScreen_Generation = YES;
				INFOPLIST_KEY_UISupportedInterfaceOrientations_iPad = "UIInterfaceOrientationPortrait UIInterfaceOrientationPortraitUpsideDown UIInterfaceOrientationLandscapeLeft UIInterfaceOrientationLandscapeRight";
				INFOPLIST_KEY_UISupportedInterfaceOrientations_iPhone = "UIInterfaceOrientationPortrait UIInterfaceOrientationLandscapeLeft UIInterfaceOrientationLandscapeRight";
				LD_RUNPATH_SEARCH_PATHS = (
					"$(inherited)",
					"@executable_path/Frameworks",
				);
				MARKETING_VERSION = 1.0;
				PRODUCT_BUNDLE_IDENTIFIER = com.vishalsingh.NewsApp;
				PRODUCT_NAME = "$(TARGET_NAME)";
				SWIFT_EMIT_LOC_STRINGS = YES;
				SWIFT_VERSION = 5.0;
				TARGETED_DEVICE_FAMILY = "1,2";
			};
			name = Release;
		};
/* End XCBuildConfiguration section */

/* Begin XCConfigurationList section */
		DC3308312921DDCA0010C4A0 /* Build configuration list for PBXProject "NewsApp" */ = {
			isa = XCConfigurationList;
			buildConfigurations = (
				DC3308422921DDCE0010C4A0 /* Debug */,
				DC3308432921DDCE0010C4A0 /* Release */,
			);
			defaultConfigurationIsVisible = 0;
			defaultConfigurationName = Release;
		};
		DC3308442921DDCE0010C4A0 /* Build configuration list for PBXNativeTarget "NewsApp" */ = {
			isa = XCConfigurationList;
			buildConfigurations = (
				DC3308452921DDCE0010C4A0 /* Debug */,
				DC3308462921DDCE0010C4A0 /* Release */,
			);
			defaultConfigurationIsVisible = 0;
			defaultConfigurationName = Release;
		};
/* End XCConfigurationList section */
	};
	rootObject = DC33082E2921DDCA0010C4A0 /* Project object */;
}
